// !$*UTF8*$!
{
	archiveVersion = 1;
	classes = {
	};
	objectVersion = 50;
	objects = {

/* Begin PBXBuildFile section */
		790871D421F4D14200A77DFB /* KNPhotoBrower.bundle in Resources */ = {isa = PBXBuildFile; fileRef = 790871D321F4D14200A77DFB /* KNPhotoBrower.bundle */; };
		7946698821ED814E004EF7D6 /* KNPhotoBrowerImageView.m in Sources */ = {isa = PBXBuildFile; fileRef = 7946697E21ED814D004EF7D6 /* KNPhotoBrowerImageView.m */; };
		7946698921ED814E004EF7D6 /* KNToast.m in Sources */ = {isa = PBXBuildFile; fileRef = 7946697F21ED814D004EF7D6 /* KNToast.m */; };
		7946698A21ED814E004EF7D6 /* KNPhotoBaseCell.m in Sources */ = {isa = PBXBuildFile; fileRef = 7946698021ED814D004EF7D6 /* KNPhotoBaseCell.m */; };
		7946698B21ED814E004EF7D6 /* KNProgressHUD.m in Sources */ = {isa = PBXBuildFile; fileRef = 7946698521ED814E004EF7D6 /* KNProgressHUD.m */; };
		7946698C21ED814E004EF7D6 /* UIView+PBExtesion.m in Sources */ = {isa = PBXBuildFile; fileRef = 7946698721ED814E004EF7D6 /* UIView+PBExtesion.m */; };
		7946699F21EDF2CB004EF7D6 /* KNPhotoBrowerNumView.m in Sources */ = {isa = PBXBuildFile; fileRef = 7946699E21EDF2CB004EF7D6 /* KNPhotoBrowerNumView.m */; };
		799847FA21F70778001AB904 /* KNActionSheetView.m in Sources */ = {isa = PBXBuildFile; fileRef = 799847F921F70778001AB904 /* KNActionSheetView.m */; };
		799847FD21F70795001AB904 /* KNActionSheet.m in Sources */ = {isa = PBXBuildFile; fileRef = 799847FB21F70795001AB904 /* KNActionSheet.m */; };
		79CD4E2921EC8AF900517A34 /* AppDelegate.m in Sources */ = {isa = PBXBuildFile; fileRef = 79CD4E2821EC8AF900517A34 /* AppDelegate.m */; };
		79CD4E2F21EC8AF900517A34 /* Main.storyboard in Resources */ = {isa = PBXBuildFile; fileRef = 79CD4E2D21EC8AF900517A34 /* Main.storyboard */; };
		79CD4E3121EC8AFA00517A34 /* Assets.xcassets in Resources */ = {isa = PBXBuildFile; fileRef = 79CD4E3021EC8AFA00517A34 /* Assets.xcassets */; };
		79CD4E3421EC8AFA00517A34 /* LaunchScreen.storyboard in Resources */ = {isa = PBXBuildFile; fileRef = 79CD4E3221EC8AFA00517A34 /* LaunchScreen.storyboard */; };
		79CD4E3721EC8AFA00517A34 /* main.m in Sources */ = {isa = PBXBuildFile; fileRef = 79CD4E3621EC8AFA00517A34 /* main.m */; };
		79CD4E4121EC8AFA00517A34 /* KNPhotoBrowerTests.m in Sources */ = {isa = PBXBuildFile; fileRef = 79CD4E4021EC8AFA00517A34 /* KNPhotoBrowerTests.m */; };
		79CD4E4C21EC8AFB00517A34 /* KNPhotoBrowerUITests.m in Sources */ = {isa = PBXBuildFile; fileRef = 79CD4E4B21EC8AFB00517A34 /* KNPhotoBrowerUITests.m */; };
		79CD4E5F21EC8BDC00517A34 /* BaseViewController.m in Sources */ = {isa = PBXBuildFile; fileRef = 79CD4E5A21EC8BDB00517A34 /* BaseViewController.m */; };
		79CD4E6021EC8BDC00517A34 /* FirstViewController.m in Sources */ = {isa = PBXBuildFile; fileRef = 79CD4E5B21EC8BDB00517A34 /* FirstViewController.m */; };
		79CD4E6121EC8BDC00517A34 /* NavigationController.m in Sources */ = {isa = PBXBuildFile; fileRef = 79CD4E5E21EC8BDB00517A34 /* NavigationController.m */; };
		79CD4E6D21EC91A200517A34 /* ViewController.m in Sources */ = {isa = PBXBuildFile; fileRef = 79CD4E6C21EC91A200517A34 /* ViewController.m */; };
		79CD4E7021EC91B400517A34 /* NineSquareController.m in Sources */ = {isa = PBXBuildFile; fileRef = 79CD4E6F21EC91B400517A34 /* NineSquareController.m */; };
		79CD4E7321EC91C300517A34 /* ScrollViewController.m in Sources */ = {isa = PBXBuildFile; fileRef = 79CD4E7221EC91C300517A34 /* ScrollViewController.m */; };
		79CD4E7621EC91D500517A34 /* CollectionViewController.m in Sources */ = {isa = PBXBuildFile; fileRef = 79CD4E7521EC91D500517A34 /* CollectionViewController.m */; };
		79CD4E7921EC91E300517A34 /* ViewLocController.m in Sources */ = {isa = PBXBuildFile; fileRef = 79CD4E7821EC91E300517A34 /* ViewLocController.m */; };
		79CD4E7C21EC91F600517A34 /* NineSquareLocController.m in Sources */ = {isa = PBXBuildFile; fileRef = 79CD4E7B21EC91F600517A34 /* NineSquareLocController.m */; };
		79CD4E7F21EC920800517A34 /* ScrollViewLocController.m in Sources */ = {isa = PBXBuildFile; fileRef = 79CD4E7E21EC920800517A34 /* ScrollViewLocController.m */; };
		79CD4E8221EC921800517A34 /* CollectionViewLocController.m in Sources */ = {isa = PBXBuildFile; fileRef = 79CD4E8121EC921800517A34 /* CollectionViewLocController.m */; };
		79CD4E8521EC93A500517A34 /* KNPhotoBrower.m in Sources */ = {isa = PBXBuildFile; fileRef = 79CD4E8421EC93A500517A34 /* KNPhotoBrower.m */; };
		E15E7DC5486FD228284DC188 /* libPods-KNPhotoBrower.a in Frameworks */ = {isa = PBXBuildFile; fileRef = 53B1967292988F51F3C30B06 /* libPods-KNPhotoBrower.a */; };
/* End PBXBuildFile section */

/* Begin PBXContainerItemProxy section */
		79CD4E3D21EC8AFA00517A34 /* PBXContainerItemProxy */ = {
			isa = PBXContainerItemProxy;
			containerPortal = 79CD4E1C21EC8AF800517A34 /* Project object */;
			proxyType = 1;
			remoteGlobalIDString = 79CD4E2321EC8AF900517A34;
			remoteInfo = KNPhotoBrower;
		};
		79CD4E4821EC8AFB00517A34 /* PBXContainerItemProxy */ = {
			isa = PBXContainerItemProxy;
			containerPortal = 79CD4E1C21EC8AF800517A34 /* Project object */;
			proxyType = 1;
			remoteGlobalIDString = 79CD4E2321EC8AF900517A34;
			remoteInfo = KNPhotoBrower;
		};
/* End PBXContainerItemProxy section */

/* Begin PBXFileReference section */
		15ACDD03C788A8D83E8B79FD /* Pods-KNPhotoBrower.release.xcconfig */ = {isa = PBXFileReference; includeInIndex = 1; lastKnownFileType = text.xcconfig; name = "Pods-KNPhotoBrower.release.xcconfig"; path = "Pods/Target Support Files/Pods-KNPhotoBrower/Pods-KNPhotoBrower.release.xcconfig"; sourceTree = "<group>"; };
		53B1967292988F51F3C30B06 /* libPods-KNPhotoBrower.a */ = {isa = PBXFileReference; explicitFileType = archive.ar; includeInIndex = 0; path = "libPods-KNPhotoBrower.a"; sourceTree = BUILT_PRODUCTS_DIR; };
		75C8E1A286EB17379E64F7DA /* Pods-KNPhotoBrower.debug.xcconfig */ = {isa = PBXFileReference; includeInIndex = 1; lastKnownFileType = text.xcconfig; name = "Pods-KNPhotoBrower.debug.xcconfig"; path = "Pods/Target Support Files/Pods-KNPhotoBrower/Pods-KNPhotoBrower.debug.xcconfig"; sourceTree = "<group>"; };
		790871D321F4D14200A77DFB /* KNPhotoBrower.bundle */ = {isa = PBXFileReference; lastKnownFileType = "wrapper.plug-in"; path = KNPhotoBrower.bundle; sourceTree = "<group>"; };
		7946697E21ED814D004EF7D6 /* KNPhotoBrowerImageView.m */ = {isa = PBXFileReference; fileEncoding = 4; lastKnownFileType = sourcecode.c.objc; path = KNPhotoBrowerImageView.m; sourceTree = "<group>"; };
		7946697F21ED814D004EF7D6 /* KNToast.m */ = {isa = PBXFileReference; fileEncoding = 4; lastKnownFileType = sourcecode.c.objc; path = KNToast.m; sourceTree = "<group>"; };
		7946698021ED814D004EF7D6 /* KNPhotoBaseCell.m */ = {isa = PBXFileReference; fileEncoding = 4; lastKnownFileType = sourcecode.c.objc; path = KNPhotoBaseCell.m; sourceTree = "<group>"; };
		7946698121ED814D004EF7D6 /* KNPhotoBrowerImageView.h */ = {isa = PBXFileReference; fileEncoding = 4; lastKnownFileType = sourcecode.c.h; path = KNPhotoBrowerImageView.h; sourceTree = "<group>"; };
		7946698221ED814D004EF7D6 /* KNPhotoBaseCell.h */ = {isa = PBXFileReference; fileEncoding = 4; lastKnownFileType = sourcecode.c.h; path = KNPhotoBaseCell.h; sourceTree = "<group>"; };
		7946698321ED814D004EF7D6 /* KNProgressHUD.h */ = {isa = PBXFileReference; fileEncoding = 4; lastKnownFileType = sourcecode.c.h; path = KNProgressHUD.h; sourceTree = "<group>"; };
		7946698421ED814E004EF7D6 /* KNToast.h */ = {isa = PBXFileReference; fileEncoding = 4; lastKnownFileType = sourcecode.c.h; path = KNToast.h; sourceTree = "<group>"; };
		7946698521ED814E004EF7D6 /* KNProgressHUD.m */ = {isa = PBXFileReference; fileEncoding = 4; lastKnownFileType = sourcecode.c.objc; path = KNProgressHUD.m; sourceTree = "<group>"; };
		7946698621ED814E004EF7D6 /* UIView+PBExtesion.h */ = {isa = PBXFileReference; fileEncoding = 4; lastKnownFileType = sourcecode.c.h; path = "UIView+PBExtesion.h"; sourceTree = "<group>"; };
		7946698721ED814E004EF7D6 /* UIView+PBExtesion.m */ = {isa = PBXFileReference; fileEncoding = 4; lastKnownFileType = sourcecode.c.objc; path = "UIView+PBExtesion.m"; sourceTree = "<group>"; };
		7946699D21EDF2CA004EF7D6 /* KNPhotoBrowerNumView.h */ = {isa = PBXFileReference; fileEncoding = 4; lastKnownFileType = sourcecode.c.h; path = KNPhotoBrowerNumView.h; sourceTree = "<group>"; };
		7946699E21EDF2CB004EF7D6 /* KNPhotoBrowerNumView.m */ = {isa = PBXFileReference; fileEncoding = 4; lastKnownFileType = sourcecode.c.objc; path = KNPhotoBrowerNumView.m; sourceTree = "<group>"; };
		799847F821F70778001AB904 /* KNActionSheetView.h */ = {isa = PBXFileReference; fileEncoding = 4; lastKnownFileType = sourcecode.c.h; path = KNActionSheetView.h; sourceTree = "<group>"; };
		799847F921F70778001AB904 /* KNActionSheetView.m */ = {isa = PBXFileReference; fileEncoding = 4; lastKnownFileType = sourcecode.c.objc; path = KNActionSheetView.m; sourceTree = "<group>"; };
		799847FB21F70795001AB904 /* KNActionSheet.m */ = {isa = PBXFileReference; fileEncoding = 4; lastKnownFileType = sourcecode.c.objc; path = KNActionSheet.m; sourceTree = "<group>"; };
		799847FC21F70795001AB904 /* KNActionSheet.h */ = {isa = PBXFileReference; fileEncoding = 4; lastKnownFileType = sourcecode.c.h; path = KNActionSheet.h; sourceTree = "<group>"; };
		79CD4E2421EC8AF900517A34 /* KNPhotoBrower.app */ = {isa = PBXFileReference; explicitFileType = wrapper.application; includeInIndex = 0; path = KNPhotoBrower.app; sourceTree = BUILT_PRODUCTS_DIR; };
		79CD4E2721EC8AF900517A34 /* AppDelegate.h */ = {isa = PBXFileReference; lastKnownFileType = sourcecode.c.h; path = AppDelegate.h; sourceTree = "<group>"; };
		79CD4E2821EC8AF900517A34 /* AppDelegate.m */ = {isa = PBXFileReference; lastKnownFileType = sourcecode.c.objc; path = AppDelegate.m; sourceTree = "<group>"; };
		79CD4E2E21EC8AF900517A34 /* Base */ = {isa = PBXFileReference; lastKnownFileType = file.storyboard; name = Base; path = Base.lproj/Main.storyboard; sourceTree = "<group>"; };
		79CD4E3021EC8AFA00517A34 /* Assets.xcassets */ = {isa = PBXFileReference; lastKnownFileType = folder.assetcatalog; path = Assets.xcassets; sourceTree = "<group>"; };
		79CD4E3321EC8AFA00517A34 /* Base */ = {isa = PBXFileReference; lastKnownFileType = file.storyboard; name = Base; path = Base.lproj/LaunchScreen.storyboard; sourceTree = "<group>"; };
		79CD4E3521EC8AFA00517A34 /* Info.plist */ = {isa = PBXFileReference; lastKnownFileType = text.plist.xml; path = Info.plist; sourceTree = "<group>"; };
		79CD4E3621EC8AFA00517A34 /* main.m */ = {isa = PBXFileReference; lastKnownFileType = sourcecode.c.objc; path = main.m; sourceTree = "<group>"; };
		79CD4E3C21EC8AFA00517A34 /* KNPhotoBrowerTests.xctest */ = {isa = PBXFileReference; explicitFileType = wrapper.cfbundle; includeInIndex = 0; path = KNPhotoBrowerTests.xctest; sourceTree = BUILT_PRODUCTS_DIR; };
		79CD4E4021EC8AFA00517A34 /* KNPhotoBrowerTests.m */ = {isa = PBXFileReference; lastKnownFileType = sourcecode.c.objc; path = KNPhotoBrowerTests.m; sourceTree = "<group>"; };
		79CD4E4221EC8AFA00517A34 /* Info.plist */ = {isa = PBXFileReference; lastKnownFileType = text.plist.xml; path = Info.plist; sourceTree = "<group>"; };
		79CD4E4721EC8AFB00517A34 /* KNPhotoBrowerUITests.xctest */ = {isa = PBXFileReference; explicitFileType = wrapper.cfbundle; includeInIndex = 0; path = KNPhotoBrowerUITests.xctest; sourceTree = BUILT_PRODUCTS_DIR; };
		79CD4E4B21EC8AFB00517A34 /* KNPhotoBrowerUITests.m */ = {isa = PBXFileReference; lastKnownFileType = sourcecode.c.objc; path = KNPhotoBrowerUITests.m; sourceTree = "<group>"; };
		79CD4E4D21EC8AFB00517A34 /* Info.plist */ = {isa = PBXFileReference; lastKnownFileType = text.plist.xml; path = Info.plist; sourceTree = "<group>"; };
		79CD4E5921EC8BDB00517A34 /* BaseViewController.h */ = {isa = PBXFileReference; fileEncoding = 4; lastKnownFileType = sourcecode.c.h; path = BaseViewController.h; sourceTree = "<group>"; };
		79CD4E5A21EC8BDB00517A34 /* BaseViewController.m */ = {isa = PBXFileReference; fileEncoding = 4; lastKnownFileType = sourcecode.c.objc; path = BaseViewController.m; sourceTree = "<group>"; };
		79CD4E5B21EC8BDB00517A34 /* FirstViewController.m */ = {isa = PBXFileReference; fileEncoding = 4; lastKnownFileType = sourcecode.c.objc; path = FirstViewController.m; sourceTree = "<group>"; };
		79CD4E5C21EC8BDB00517A34 /* NavigationController.h */ = {isa = PBXFileReference; fileEncoding = 4; lastKnownFileType = sourcecode.c.h; path = NavigationController.h; sourceTree = "<group>"; };
		79CD4E5D21EC8BDB00517A34 /* FirstViewController.h */ = {isa = PBXFileReference; fileEncoding = 4; lastKnownFileType = sourcecode.c.h; path = FirstViewController.h; sourceTree = "<group>"; };
		79CD4E5E21EC8BDB00517A34 /* NavigationController.m */ = {isa = PBXFileReference; fileEncoding = 4; lastKnownFileType = sourcecode.c.objc; path = NavigationController.m; sourceTree = "<group>"; };
		79CD4E6B21EC91A200517A34 /* ViewController.h */ = {isa = PBXFileReference; lastKnownFileType = sourcecode.c.h; path = ViewController.h; sourceTree = "<group>"; };
		79CD4E6C21EC91A200517A34 /* ViewController.m */ = {isa = PBXFileReference; lastKnownFileType = sourcecode.c.objc; path = ViewController.m; sourceTree = "<group>"; };
		79CD4E6E21EC91B400517A34 /* NineSquareController.h */ = {isa = PBXFileReference; lastKnownFileType = sourcecode.c.h; path = NineSquareController.h; sourceTree = "<group>"; };
		79CD4E6F21EC91B400517A34 /* NineSquareController.m */ = {isa = PBXFileReference; lastKnownFileType = sourcecode.c.objc; path = NineSquareController.m; sourceTree = "<group>"; };
		79CD4E7121EC91C300517A34 /* ScrollViewController.h */ = {isa = PBXFileReference; lastKnownFileType = sourcecode.c.h; path = ScrollViewController.h; sourceTree = "<group>"; };
		79CD4E7221EC91C300517A34 /* ScrollViewController.m */ = {isa = PBXFileReference; lastKnownFileType = sourcecode.c.objc; path = ScrollViewController.m; sourceTree = "<group>"; };
		79CD4E7421EC91D500517A34 /* CollectionViewController.h */ = {isa = PBXFileReference; lastKnownFileType = sourcecode.c.h; path = CollectionViewController.h; sourceTree = "<group>"; };
		79CD4E7521EC91D500517A34 /* CollectionViewController.m */ = {isa = PBXFileReference; lastKnownFileType = sourcecode.c.objc; path = CollectionViewController.m; sourceTree = "<group>"; };
		79CD4E7721EC91E300517A34 /* ViewLocController.h */ = {isa = PBXFileReference; lastKnownFileType = sourcecode.c.h; path = ViewLocController.h; sourceTree = "<group>"; };
		79CD4E7821EC91E300517A34 /* ViewLocController.m */ = {isa = PBXFileReference; lastKnownFileType = sourcecode.c.objc; path = ViewLocController.m; sourceTree = "<group>"; };
		79CD4E7A21EC91F600517A34 /* NineSquareLocController.h */ = {isa = PBXFileReference; lastKnownFileType = sourcecode.c.h; path = NineSquareLocController.h; sourceTree = "<group>"; };
		79CD4E7B21EC91F600517A34 /* NineSquareLocController.m */ = {isa = PBXFileReference; lastKnownFileType = sourcecode.c.objc; path = NineSquareLocController.m; sourceTree = "<group>"; };
		79CD4E7D21EC920800517A34 /* ScrollViewLocController.h */ = {isa = PBXFileReference; lastKnownFileType = sourcecode.c.h; path = ScrollViewLocController.h; sourceTree = "<group>"; };
		79CD4E7E21EC920800517A34 /* ScrollViewLocController.m */ = {isa = PBXFileReference; lastKnownFileType = sourcecode.c.objc; path = ScrollViewLocController.m; sourceTree = "<group>"; };
		79CD4E8021EC921800517A34 /* CollectionViewLocController.h */ = {isa = PBXFileReference; lastKnownFileType = sourcecode.c.h; path = CollectionViewLocController.h; sourceTree = "<group>"; };
		79CD4E8121EC921800517A34 /* CollectionViewLocController.m */ = {isa = PBXFileReference; lastKnownFileType = sourcecode.c.objc; path = CollectionViewLocController.m; sourceTree = "<group>"; };
		79CD4E8321EC93A500517A34 /* KNPhotoBrower.h */ = {isa = PBXFileReference; lastKnownFileType = sourcecode.c.h; path = KNPhotoBrower.h; sourceTree = "<group>"; };
		79CD4E8421EC93A500517A34 /* KNPhotoBrower.m */ = {isa = PBXFileReference; lastKnownFileType = sourcecode.c.objc; path = KNPhotoBrower.m; sourceTree = "<group>"; };
		79E1B5FC21F77CB9005FAB9D /* KNPhotoBrowerPch.h */ = {isa = PBXFileReference; lastKnownFileType = sourcecode.c.h; path = KNPhotoBrowerPch.h; sourceTree = "<group>"; };
/* End PBXFileReference section */

/* Begin PBXFrameworksBuildPhase section */
		79CD4E2121EC8AF900517A34 /* Frameworks */ = {
			isa = PBXFrameworksBuildPhase;
			buildActionMask = 2147483647;
			files = (
				E15E7DC5486FD228284DC188 /* libPods-KNPhotoBrower.a in Frameworks */,
			);
			runOnlyForDeploymentPostprocessing = 0;
		};
		79CD4E3921EC8AFA00517A34 /* Frameworks */ = {
			isa = PBXFrameworksBuildPhase;
			buildActionMask = 2147483647;
			files = (
			);
			runOnlyForDeploymentPostprocessing = 0;
		};
		79CD4E4421EC8AFB00517A34 /* Frameworks */ = {
			isa = PBXFrameworksBuildPhase;
			buildActionMask = 2147483647;
			files = (
			);
			runOnlyForDeploymentPostprocessing = 0;
		};
/* End PBXFrameworksBuildPhase section */

/* Begin PBXGroup section */
		2B45FBE3E89149043CAFB227 /* Pods */ = {
			isa = PBXGroup;
			children = (
				75C8E1A286EB17379E64F7DA /* Pods-KNPhotoBrower.debug.xcconfig */,
				15ACDD03C788A8D83E8B79FD /* Pods-KNPhotoBrower.release.xcconfig */,
			);
			name = Pods;
			sourceTree = "<group>";
		};
		7964B5DF21F6217B00919259 /* KNActionSheet */ = {
			isa = PBXGroup;
			children = (
				799847FC21F70795001AB904 /* KNActionSheet.h */,
				799847FB21F70795001AB904 /* KNActionSheet.m */,
				799847F821F70778001AB904 /* KNActionSheetView.h */,
				799847F921F70778001AB904 /* KNActionSheetView.m */,
			);
			path = KNActionSheet;
			sourceTree = "<group>";
		};
		79CD4E1B21EC8AF800517A34 = {
			isa = PBXGroup;
			children = (
				79CD4E2621EC8AF900517A34 /* KNPhotoBrower */,
				79CD4E3F21EC8AFA00517A34 /* KNPhotoBrowerTests */,
				79CD4E4A21EC8AFB00517A34 /* KNPhotoBrowerUITests */,
				79CD4E2521EC8AF900517A34 /* Products */,
				2B45FBE3E89149043CAFB227 /* Pods */,
				E12E6B0771045D035D61D57E /* Frameworks */,
			);
			sourceTree = "<group>";
		};
		79CD4E2521EC8AF900517A34 /* Products */ = {
			isa = PBXGroup;
			children = (
				79CD4E2421EC8AF900517A34 /* KNPhotoBrower.app */,
				79CD4E3C21EC8AFA00517A34 /* KNPhotoBrowerTests.xctest */,
				79CD4E4721EC8AFB00517A34 /* KNPhotoBrowerUITests.xctest */,
			);
			name = Products;
			sourceTree = "<group>";
		};
		79CD4E2621EC8AF900517A34 /* KNPhotoBrower */ = {
			isa = PBXGroup;
			children = (
				79CD4E2721EC8AF900517A34 /* AppDelegate.h */,
				79CD4E2821EC8AF900517A34 /* AppDelegate.m */,
				79CD4E5C21EC8BDB00517A34 /* NavigationController.h */,
				79CD4E5E21EC8BDB00517A34 /* NavigationController.m */,
				79CD4E5921EC8BDB00517A34 /* BaseViewController.h */,
				79CD4E5A21EC8BDB00517A34 /* BaseViewController.m */,
				79CD4E5D21EC8BDB00517A34 /* FirstViewController.h */,
				79CD4E5B21EC8BDB00517A34 /* FirstViewController.m */,
				79CD4E6321EC90A700517A34 /* ViewController */,
				79CD4E6521EC90C300517A34 /* NineSquareController */,
				79CD4E6421EC90B400517A34 /* ScrollViewController */,
				79CD4E6621EC90CC00517A34 /* CollectionViewController */,
				79CD4E6721EC90DD00517A34 /* ViewLocController */,
				79CD4E6821EC914600517A34 /* NineSquareLocController */,
				79CD4E6921EC918000517A34 /* ScrollViewLocController */,
				79CD4E6A21EC918B00517A34 /* CollectionViewLocController */,
				79CD4E6221EC901100517A34 /* KNPhotoBrower */,
				79CD4E2D21EC8AF900517A34 /* Main.storyboard */,
				79CD4E3021EC8AFA00517A34 /* Assets.xcassets */,
				79CD4E3221EC8AFA00517A34 /* LaunchScreen.storyboard */,
				79CD4E3521EC8AFA00517A34 /* Info.plist */,
				79CD4E3621EC8AFA00517A34 /* main.m */,
			);
			path = KNPhotoBrower;
			sourceTree = "<group>";
		};
		79CD4E3F21EC8AFA00517A34 /* KNPhotoBrowerTests */ = {
			isa = PBXGroup;
			children = (
				79CD4E4021EC8AFA00517A34 /* KNPhotoBrowerTests.m */,
				79CD4E4221EC8AFA00517A34 /* Info.plist */,
			);
			path = KNPhotoBrowerTests;
			sourceTree = "<group>";
		};
		79CD4E4A21EC8AFB00517A34 /* KNPhotoBrowerUITests */ = {
			isa = PBXGroup;
			children = (
				79CD4E4B21EC8AFB00517A34 /* KNPhotoBrowerUITests.m */,
				79CD4E4D21EC8AFB00517A34 /* Info.plist */,
			);
			path = KNPhotoBrowerUITests;
			sourceTree = "<group>";
		};
		79CD4E6221EC901100517A34 /* KNPhotoBrower */ = {
			isa = PBXGroup;
			children = (
				79CD4E8321EC93A500517A34 /* KNPhotoBrower.h */,
				79CD4E8421EC93A500517A34 /* KNPhotoBrower.m */,
				7946699D21EDF2CA004EF7D6 /* KNPhotoBrowerNumView.h */,
				7946699E21EDF2CB004EF7D6 /* KNPhotoBrowerNumView.m */,
				7946698221ED814D004EF7D6 /* KNPhotoBaseCell.h */,
				7946698021ED814D004EF7D6 /* KNPhotoBaseCell.m */,
				7946698121ED814D004EF7D6 /* KNPhotoBrowerImageView.h */,
				7946697E21ED814D004EF7D6 /* KNPhotoBrowerImageView.m */,
				7946698321ED814D004EF7D6 /* KNProgressHUD.h */,
				7946698521ED814E004EF7D6 /* KNProgressHUD.m */,
				7946698421ED814E004EF7D6 /* KNToast.h */,
				7946697F21ED814D004EF7D6 /* KNToast.m */,
				79E1B5FC21F77CB9005FAB9D /* KNPhotoBrowerPch.h */,
				7946698621ED814E004EF7D6 /* UIView+PBExtesion.h */,
				7946698721ED814E004EF7D6 /* UIView+PBExtesion.m */,
				7964B5DF21F6217B00919259 /* KNActionSheet */,
				790871D321F4D14200A77DFB /* KNPhotoBrower.bundle */,
			);
			path = KNPhotoBrower;
			sourceTree = "<group>";
		};
		79CD4E6321EC90A700517A34 /* ViewController */ = {
			isa = PBXGroup;
			children = (
				79CD4E6B21EC91A200517A34 /* ViewController.h */,
				79CD4E6C21EC91A200517A34 /* ViewController.m */,
			);
			path = ViewController;
			sourceTree = "<group>";
		};
		79CD4E6421EC90B400517A34 /* ScrollViewController */ = {
			isa = PBXGroup;
			children = (
				79CD4E7121EC91C300517A34 /* ScrollViewController.h */,
				79CD4E7221EC91C300517A34 /* ScrollViewController.m */,
			);
			name = ScrollViewController;
			path = KNPhotoBrower/ScrollViewController;
			sourceTree = SOURCE_ROOT;
		};
		79CD4E6521EC90C300517A34 /* NineSquareController */ = {
			isa = PBXGroup;
			children = (
				79CD4E6E21EC91B400517A34 /* NineSquareController.h */,
				79CD4E6F21EC91B400517A34 /* NineSquareController.m */,
			);
			path = NineSquareController;
			sourceTree = "<group>";
		};
		79CD4E6621EC90CC00517A34 /* CollectionViewController */ = {
			isa = PBXGroup;
			children = (
				79CD4E7421EC91D500517A34 /* CollectionViewController.h */,
				79CD4E7521EC91D500517A34 /* CollectionViewController.m */,
			);
			path = CollectionViewController;
			sourceTree = "<group>";
		};
		79CD4E6721EC90DD00517A34 /* ViewLocController */ = {
			isa = PBXGroup;
			children = (
				79CD4E7721EC91E300517A34 /* ViewLocController.h */,
				79CD4E7821EC91E300517A34 /* ViewLocController.m */,
			);
			name = ViewLocController;
			path = KNPhotoBrower/ViewLocController;
			sourceTree = SOURCE_ROOT;
		};
		79CD4E6821EC914600517A34 /* NineSquareLocController */ = {
			isa = PBXGroup;
			children = (
				79CD4E7A21EC91F600517A34 /* NineSquareLocController.h */,
				79CD4E7B21EC91F600517A34 /* NineSquareLocController.m */,
			);
			path = NineSquareLocController;
			sourceTree = "<group>";
		};
		79CD4E6921EC918000517A34 /* ScrollViewLocController */ = {
			isa = PBXGroup;
			children = (
				79CD4E7D21EC920800517A34 /* ScrollViewLocController.h */,
				79CD4E7E21EC920800517A34 /* ScrollViewLocController.m */,
			);
			name = ScrollViewLocController;
			path = KNPhotoBrower/ScrollViewLocController;
			sourceTree = SOURCE_ROOT;
		};
		79CD4E6A21EC918B00517A34 /* CollectionViewLocController */ = {
			isa = PBXGroup;
			children = (
				79CD4E8021EC921800517A34 /* CollectionViewLocController.h */,
				79CD4E8121EC921800517A34 /* CollectionViewLocController.m */,
			);
			path = CollectionViewLocController;
			sourceTree = "<group>";
		};
		E12E6B0771045D035D61D57E /* Frameworks */ = {
			isa = PBXGroup;
			children = (
				53B1967292988F51F3C30B06 /* libPods-KNPhotoBrower.a */,
			);
			name = Frameworks;
			sourceTree = "<group>";
		};
/* End PBXGroup section */

/* Begin PBXNativeTarget section */
		79CD4E2321EC8AF900517A34 /* KNPhotoBrower */ = {
			isa = PBXNativeTarget;
			buildConfigurationList = 79CD4E5021EC8AFB00517A34 /* Build configuration list for PBXNativeTarget "KNPhotoBrower" */;
			buildPhases = (
				ED1C86749E26053EEE0816B1 /* [CP] Check Pods Manifest.lock */,
				79CD4E2021EC8AF900517A34 /* Sources */,
				79CD4E2121EC8AF900517A34 /* Frameworks */,
				79CD4E2221EC8AF900517A34 /* Resources */,
			);
			buildRules = (
			);
			dependencies = (
			);
			name = KNPhotoBrower;
			productName = KNPhotoBrower;
			productReference = 79CD4E2421EC8AF900517A34 /* KNPhotoBrower.app */;
			productType = "com.apple.product-type.application";
		};
		79CD4E3B21EC8AFA00517A34 /* KNPhotoBrowerTests */ = {
			isa = PBXNativeTarget;
			buildConfigurationList = 79CD4E5321EC8AFB00517A34 /* Build configuration list for PBXNativeTarget "KNPhotoBrowerTests" */;
			buildPhases = (
				79CD4E3821EC8AFA00517A34 /* Sources */,
				79CD4E3921EC8AFA00517A34 /* Frameworks */,
				79CD4E3A21EC8AFA00517A34 /* Resources */,
			);
			buildRules = (
			);
			dependencies = (
				79CD4E3E21EC8AFA00517A34 /* PBXTargetDependency */,
			);
			name = KNPhotoBrowerTests;
			productName = KNPhotoBrowerTests;
			productReference = 79CD4E3C21EC8AFA00517A34 /* KNPhotoBrowerTests.xctest */;
			productType = "com.apple.product-type.bundle.unit-test";
		};
		79CD4E4621EC8AFB00517A34 /* KNPhotoBrowerUITests */ = {
			isa = PBXNativeTarget;
			buildConfigurationList = 79CD4E5621EC8AFB00517A34 /* Build configuration list for PBXNativeTarget "KNPhotoBrowerUITests" */;
			buildPhases = (
				79CD4E4321EC8AFB00517A34 /* Sources */,
				79CD4E4421EC8AFB00517A34 /* Frameworks */,
				79CD4E4521EC8AFB00517A34 /* Resources */,
			);
			buildRules = (
			);
			dependencies = (
				79CD4E4921EC8AFB00517A34 /* PBXTargetDependency */,
			);
			name = KNPhotoBrowerUITests;
			productName = KNPhotoBrowerUITests;
			productReference = 79CD4E4721EC8AFB00517A34 /* KNPhotoBrowerUITests.xctest */;
			productType = "com.apple.product-type.bundle.ui-testing";
		};
/* End PBXNativeTarget section */

/* Begin PBXProject section */
		79CD4E1C21EC8AF800517A34 /* Project object */ = {
			isa = PBXProject;
			attributes = {
				LastUpgradeCheck = 1010;
				ORGANIZATIONNAME = LuKane;
				TargetAttributes = {
					79CD4E2321EC8AF900517A34 = {
						CreatedOnToolsVersion = 10.1;
					};
					79CD4E3B21EC8AFA00517A34 = {
						CreatedOnToolsVersion = 10.1;
						TestTargetID = 79CD4E2321EC8AF900517A34;
					};
					79CD4E4621EC8AFB00517A34 = {
						CreatedOnToolsVersion = 10.1;
						TestTargetID = 79CD4E2321EC8AF900517A34;
					};
				};
			};
			buildConfigurationList = 79CD4E1F21EC8AF800517A34 /* Build configuration list for PBXProject "KNPhotoBrower" */;
			compatibilityVersion = "Xcode 9.3";
			developmentRegion = en;
			hasScannedForEncodings = 0;
			knownRegions = (
				en,
				Base,
			);
			mainGroup = 79CD4E1B21EC8AF800517A34;
			productRefGroup = 79CD4E2521EC8AF900517A34 /* Products */;
			projectDirPath = "";
			projectRoot = "";
			targets = (
				79CD4E2321EC8AF900517A34 /* KNPhotoBrower */,
				79CD4E3B21EC8AFA00517A34 /* KNPhotoBrowerTests */,
				79CD4E4621EC8AFB00517A34 /* KNPhotoBrowerUITests */,
			);
		};
/* End PBXProject section */

/* Begin PBXResourcesBuildPhase section */
		79CD4E2221EC8AF900517A34 /* Resources */ = {
			isa = PBXResourcesBuildPhase;
			buildActionMask = 2147483647;
			files = (
				790871D421F4D14200A77DFB /* KNPhotoBrower.bundle in Resources */,
				79CD4E3421EC8AFA00517A34 /* LaunchScreen.storyboard in Resources */,
				79CD4E3121EC8AFA00517A34 /* Assets.xcassets in Resources */,
				79CD4E2F21EC8AF900517A34 /* Main.storyboard in Resources */,
			);
			runOnlyForDeploymentPostprocessing = 0;
		};
		79CD4E3A21EC8AFA00517A34 /* Resources */ = {
			isa = PBXResourcesBuildPhase;
			buildActionMask = 2147483647;
			files = (
			);
			runOnlyForDeploymentPostprocessing = 0;
		};
		79CD4E4521EC8AFB00517A34 /* Resources */ = {
			isa = PBXResourcesBuildPhase;
			buildActionMask = 2147483647;
			files = (
			);
			runOnlyForDeploymentPostprocessing = 0;
		};
/* End PBXResourcesBuildPhase section */

/* Begin PBXShellScriptBuildPhase section */
		ED1C86749E26053EEE0816B1 /* [CP] Check Pods Manifest.lock */ = {
			isa = PBXShellScriptBuildPhase;
			buildActionMask = 2147483647;
			files = (
			);
			inputPaths = (
				"${PODS_PODFILE_DIR_PATH}/Podfile.lock",
				"${PODS_ROOT}/Manifest.lock",
			);
			name = "[CP] Check Pods Manifest.lock";
			outputPaths = (
				"$(DERIVED_FILE_DIR)/Pods-KNPhotoBrower-checkManifestLockResult.txt",
			);
			runOnlyForDeploymentPostprocessing = 0;
			shellPath = /bin/sh;
			shellScript = "diff \"${PODS_PODFILE_DIR_PATH}/Podfile.lock\" \"${PODS_ROOT}/Manifest.lock\" > /dev/null\nif [ $? != 0 ] ; then\n    # print error to STDERR\n    echo \"error: The sandbox is not in sync with the Podfile.lock. Run 'pod install' or update your CocoaPods installation.\" >&2\n    exit 1\nfi\n# This output is used by Xcode 'outputs' to avoid re-running this script phase.\necho \"SUCCESS\" > \"${SCRIPT_OUTPUT_FILE_0}\"\n";
			showEnvVarsInLog = 0;
		};
/* End PBXShellScriptBuildPhase section */

/* Begin PBXSourcesBuildPhase section */
		79CD4E2021EC8AF900517A34 /* Sources */ = {
			isa = PBXSourcesBuildPhase;
			buildActionMask = 2147483647;
			files = (
				79CD4E6D21EC91A200517A34 /* ViewController.m in Sources */,
				79CD4E7021EC91B400517A34 /* NineSquareController.m in Sources */,
				79CD4E8521EC93A500517A34 /* KNPhotoBrower.m in Sources */,
				7946698B21ED814E004EF7D6 /* KNProgressHUD.m in Sources */,
				79CD4E5F21EC8BDC00517A34 /* BaseViewController.m in Sources */,
				79CD4E7C21EC91F600517A34 /* NineSquareLocController.m in Sources */,
				79CD4E7F21EC920800517A34 /* ScrollViewLocController.m in Sources */,
				79CD4E8221EC921800517A34 /* CollectionViewLocController.m in Sources */,
				79CD4E6021EC8BDC00517A34 /* FirstViewController.m in Sources */,
				7946698921ED814E004EF7D6 /* KNToast.m in Sources */,
				7946698821ED814E004EF7D6 /* KNPhotoBrowerImageView.m in Sources */,
				79CD4E6121EC8BDC00517A34 /* NavigationController.m in Sources */,
				79CD4E3721EC8AFA00517A34 /* main.m in Sources */,
				7946698C21ED814E004EF7D6 /* UIView+PBExtesion.m in Sources */,
				799847FD21F70795001AB904 /* KNActionSheet.m in Sources */,
				7946699F21EDF2CB004EF7D6 /* KNPhotoBrowerNumView.m in Sources */,
				79CD4E2921EC8AF900517A34 /* AppDelegate.m in Sources */,
				79CD4E7321EC91C300517A34 /* ScrollViewController.m in Sources */,
				79CD4E7621EC91D500517A34 /* CollectionViewController.m in Sources */,
				79CD4E7921EC91E300517A34 /* ViewLocController.m in Sources */,
				7946698A21ED814E004EF7D6 /* KNPhotoBaseCell.m in Sources */,
				799847FA21F70778001AB904 /* KNActionSheetView.m in Sources */,
			);
			runOnlyForDeploymentPostprocessing = 0;
		};
		79CD4E3821EC8AFA00517A34 /* Sources */ = {
			isa = PBXSourcesBuildPhase;
			buildActionMask = 2147483647;
			files = (
				79CD4E4121EC8AFA00517A34 /* KNPhotoBrowerTests.m in Sources */,
			);
			runOnlyForDeploymentPostprocessing = 0;
		};
		79CD4E4321EC8AFB00517A34 /* Sources */ = {
			isa = PBXSourcesBuildPhase;
			buildActionMask = 2147483647;
			files = (
				79CD4E4C21EC8AFB00517A34 /* KNPhotoBrowerUITests.m in Sources */,
			);
			runOnlyForDeploymentPostprocessing = 0;
		};
/* End PBXSourcesBuildPhase section */

/* Begin PBXTargetDependency section */
		79CD4E3E21EC8AFA00517A34 /* PBXTargetDependency */ = {
			isa = PBXTargetDependency;
			target = 79CD4E2321EC8AF900517A34 /* KNPhotoBrower */;
			targetProxy = 79CD4E3D21EC8AFA00517A34 /* PBXContainerItemProxy */;
		};
		79CD4E4921EC8AFB00517A34 /* PBXTargetDependency */ = {
			isa = PBXTargetDependency;
			target = 79CD4E2321EC8AF900517A34 /* KNPhotoBrower */;
			targetProxy = 79CD4E4821EC8AFB00517A34 /* PBXContainerItemProxy */;
		};
/* End PBXTargetDependency section */

/* Begin PBXVariantGroup section */
		79CD4E2D21EC8AF900517A34 /* Main.storyboard */ = {
			isa = PBXVariantGroup;
			children = (
				79CD4E2E21EC8AF900517A34 /* Base */,
			);
			name = Main.storyboard;
			sourceTree = "<group>";
		};
		79CD4E3221EC8AFA00517A34 /* LaunchScreen.storyboard */ = {
			isa = PBXVariantGroup;
			children = (
				79CD4E3321EC8AFA00517A34 /* Base */,
			);
			name = LaunchScreen.storyboard;
			sourceTree = "<group>";
		};
/* End PBXVariantGroup section */

/* Begin XCBuildConfiguration section */
		79CD4E4E21EC8AFB00517A34 /* Debug */ = {
			isa = XCBuildConfiguration;
			buildSettings = {
				ALWAYS_SEARCH_USER_PATHS = NO;
				CLANG_ANALYZER_NONNULL = YES;
				CLANG_ANALYZER_NUMBER_OBJECT_CONVERSION = YES_AGGRESSIVE;
				CLANG_CXX_LANGUAGE_STANDARD = "gnu++14";
				CLANG_CXX_LIBRARY = "libc++";
				CLANG_ENABLE_MODULES = YES;
				CLANG_ENABLE_OBJC_ARC = YES;
				CLANG_ENABLE_OBJC_WEAK = YES;
				CLANG_WARN_BLOCK_CAPTURE_AUTORELEASING = YES;
				CLANG_WARN_BOOL_CONVERSION = YES;
				CLANG_WARN_COMMA = YES;
				CLANG_WARN_CONSTANT_CONVERSION = YES;
				CLANG_WARN_DEPRECATED_OBJC_IMPLEMENTATIONS = YES;
				CLANG_WARN_DIRECT_OBJC_ISA_USAGE = YES_ERROR;
				CLANG_WARN_DOCUMENTATION_COMMENTS = YES;
				CLANG_WARN_EMPTY_BODY = YES;
				CLANG_WARN_ENUM_CONVERSION = YES;
				CLANG_WARN_INFINITE_RECURSION = YES;
				CLANG_WARN_INT_CONVERSION = YES;
				CLANG_WARN_NON_LITERAL_NULL_CONVERSION = YES;
				CLANG_WARN_OBJC_IMPLICIT_RETAIN_SELF = YES;
				CLANG_WARN_OBJC_LITERAL_CONVERSION = YES;
				CLANG_WARN_OBJC_ROOT_CLASS = YES_ERROR;
				CLANG_WARN_RANGE_LOOP_ANALYSIS = YES;
				CLANG_WARN_STRICT_PROTOTYPES = YES;
				CLANG_WARN_SUSPICIOUS_MOVE = YES;
				CLANG_WARN_UNGUARDED_AVAILABILITY = YES_AGGRESSIVE;
				CLANG_WARN_UNREACHABLE_CODE = YES;
				CLANG_WARN__DUPLICATE_METHOD_MATCH = YES;
				CODE_SIGN_IDENTITY = "iPhone Developer";
				COPY_PHASE_STRIP = NO;
				DEBUG_INFORMATION_FORMAT = dwarf;
				ENABLE_STRICT_OBJC_MSGSEND = YES;
				ENABLE_TESTABILITY = YES;
				GCC_C_LANGUAGE_STANDARD = gnu11;
				GCC_DYNAMIC_NO_PIC = NO;
				GCC_NO_COMMON_BLOCKS = YES;
				GCC_OPTIMIZATION_LEVEL = 0;
				GCC_PREPROCESSOR_DEFINITIONS = (
					"DEBUG=1",
					"$(inherited)",
				);
				GCC_WARN_64_TO_32_BIT_CONVERSION = YES;
				GCC_WARN_ABOUT_RETURN_TYPE = YES_ERROR;
				GCC_WARN_UNDECLARED_SELECTOR = YES;
				GCC_WARN_UNINITIALIZED_AUTOS = YES_AGGRESSIVE;
				GCC_WARN_UNUSED_FUNCTION = YES;
				GCC_WARN_UNUSED_VARIABLE = YES;
				IPHONEOS_DEPLOYMENT_TARGET = 12.1;
				MTL_ENABLE_DEBUG_INFO = INCLUDE_SOURCE;
				MTL_FAST_MATH = YES;
				ONLY_ACTIVE_ARCH = YES;
				SDKROOT = iphoneos;
			};
			name = Debug;
		};
		79CD4E4F21EC8AFB00517A34 /* Release */ = {
			isa = XCBuildConfiguration;
			buildSettings = {
				ALWAYS_SEARCH_USER_PATHS = NO;
				CLANG_ANALYZER_NONNULL = YES;
				CLANG_ANALYZER_NUMBER_OBJECT_CONVERSION = YES_AGGRESSIVE;
				CLANG_CXX_LANGUAGE_STANDARD = "gnu++14";
				CLANG_CXX_LIBRARY = "libc++";
				CLANG_ENABLE_MODULES = YES;
				CLANG_ENABLE_OBJC_ARC = YES;
				CLANG_ENABLE_OBJC_WEAK = YES;
				CLANG_WARN_BLOCK_CAPTURE_AUTORELEASING = YES;
				CLANG_WARN_BOOL_CONVERSION = YES;
				CLANG_WARN_COMMA = YES;
				CLANG_WARN_CONSTANT_CONVERSION = YES;
				CLANG_WARN_DEPRECATED_OBJC_IMPLEMENTATIONS = YES;
				CLANG_WARN_DIRECT_OBJC_ISA_USAGE = YES_ERROR;
				CLANG_WARN_DOCUMENTATION_COMMENTS = YES;
				CLANG_WARN_EMPTY_BODY = YES;
				CLANG_WARN_ENUM_CONVERSION = YES;
				CLANG_WARN_INFINITE_RECURSION = YES;
				CLANG_WARN_INT_CONVERSION = YES;
				CLANG_WARN_NON_LITERAL_NULL_CONVERSION = YES;
				CLANG_WARN_OBJC_IMPLICIT_RETAIN_SELF = YES;
				CLANG_WARN_OBJC_LITERAL_CONVERSION = YES;
				CLANG_WARN_OBJC_ROOT_CLASS = YES_ERROR;
				CLANG_WARN_RANGE_LOOP_ANALYSIS = YES;
				CLANG_WARN_STRICT_PROTOTYPES = YES;
				CLANG_WARN_SUSPICIOUS_MOVE = YES;
				CLANG_WARN_UNGUARDED_AVAILABILITY = YES_AGGRESSIVE;
				CLANG_WARN_UNREACHABLE_CODE = YES;
				CLANG_WARN__DUPLICATE_METHOD_MATCH = YES;
				CODE_SIGN_IDENTITY = "iPhone Developer";
				COPY_PHASE_STRIP = NO;
				DEBUG_INFORMATION_FORMAT = "dwarf-with-dsym";
				ENABLE_NS_ASSERTIONS = NO;
				ENABLE_STRICT_OBJC_MSGSEND = YES;
				GCC_C_LANGUAGE_STANDARD = gnu11;
				GCC_NO_COMMON_BLOCKS = YES;
				GCC_WARN_64_TO_32_BIT_CONVERSION = YES;
				GCC_WARN_ABOUT_RETURN_TYPE = YES_ERROR;
				GCC_WARN_UNDECLARED_SELECTOR = YES;
				GCC_WARN_UNINITIALIZED_AUTOS = YES_AGGRESSIVE;
				GCC_WARN_UNUSED_FUNCTION = YES;
				GCC_WARN_UNUSED_VARIABLE = YES;
				IPHONEOS_DEPLOYMENT_TARGET = 12.1;
				MTL_ENABLE_DEBUG_INFO = NO;
				MTL_FAST_MATH = YES;
				SDKROOT = iphoneos;
				VALIDATE_PRODUCT = YES;
			};
			name = Release;
		};
		79CD4E5121EC8AFB00517A34 /* Debug */ = {
			isa = XCBuildConfiguration;
			baseConfigurationReference = 75C8E1A286EB17379E64F7DA /* Pods-KNPhotoBrower.debug.xcconfig */;
			buildSettings = {
				ASSETCATALOG_COMPILER_APPICON_NAME = AppIcon;
				CODE_SIGN_STYLE = Automatic;
				DEVELOPMENT_TEAM = K9ZKH8PE66;
				INFOPLIST_FILE = KNPhotoBrower/Info.plist;
				IPHONEOS_DEPLOYMENT_TARGET = 8.0;
				LD_RUNPATH_SEARCH_PATHS = (
					"$(inherited)",
					"@executable_path/Frameworks",
				);
				PRODUCT_BUNDLE_IDENTIFIER = com.LuKane.test.KNPhotoBrower;
				PRODUCT_NAME = "$(TARGET_NAME)";
				TARGETED_DEVICE_FAMILY = "1,2";
			};
			name = Debug;
		};
		79CD4E5221EC8AFB00517A34 /* Release */ = {
			isa = XCBuildConfiguration;
			baseConfigurationReference = 15ACDD03C788A8D83E8B79FD /* Pods-KNPhotoBrower.release.xcconfig */;
			buildSettings = {
				ASSETCATALOG_COMPILER_APPICON_NAME = AppIcon;
				CODE_SIGN_STYLE = Automatic;
				DEVELOPMENT_TEAM = K9ZKH8PE66;
				INFOPLIST_FILE = KNPhotoBrower/Info.plist;
				IPHONEOS_DEPLOYMENT_TARGET = 8.0;
				LD_RUNPATH_SEARCH_PATHS = (
					"$(inherited)",
					"@executable_path/Frameworks",
				);
				PRODUCT_BUNDLE_IDENTIFIER = com.LuKane.test.KNPhotoBrower;
				PRODUCT_NAME = "$(TARGET_NAME)";
				TARGETED_DEVICE_FAMILY = "1,2";
			};
			name = Release;
		};
		79CD4E5421EC8AFB00517A34 /* Debug */ = {
			isa = XCBuildConfiguration;
			buildSettings = {
				BUNDLE_LOADER = "$(TEST_HOST)";
				CODE_SIGN_STYLE = Automatic;
				DEVELOPMENT_TEAM = K9ZKH8PE66;
				INFOPLIST_FILE = KNPhotoBrowerTests/Info.plist;
				LD_RUNPATH_SEARCH_PATHS = (
					"$(inherited)",
					"@executable_path/Frameworks",
					"@loader_path/Frameworks",
				);
				PRODUCT_BUNDLE_IDENTIFIER = com.LuKane.test.KNPhotoBrowerTests;
				PRODUCT_NAME = "$(TARGET_NAME)";
				TARGETED_DEVICE_FAMILY = "1,2";
				TEST_HOST = "$(BUILT_PRODUCTS_DIR)/KNPhotoBrower.app/KNPhotoBrower";
			};
			name = Debug;
		};
		79CD4E5521EC8AFB00517A34 /* Release */ = {
			isa = XCBuildConfiguration;
			buildSettings = {
				BUNDLE_LOADER = "$(TEST_HOST)";
				CODE_SIGN_STYLE = Automatic;
				DEVELOPMENT_TEAM = K9ZKH8PE66;
				INFOPLIST_FILE = KNPhotoBrowerTests/Info.plist;
				LD_RUNPATH_SEARCH_PATHS = (
					"$(inherited)",
					"@executable_path/Frameworks",
					"@loader_path/Frameworks",
				);
				PRODUCT_BUNDLE_IDENTIFIER = com.LuKane.test.KNPhotoBrowerTests;
				PRODUCT_NAME = "$(TARGET_NAME)";
				TARGETED_DEVICE_FAMILY = "1,2";
				TEST_HOST = "$(BUILT_PRODUCTS_DIR)/KNPhotoBrower.app/KNPhotoBrower";
			};
			name = Release;
		};
		79CD4E5721EC8AFB00517A34 /* Debug */ = {
			isa = XCBuildConfiguration;
			buildSettings = {
				CODE_SIGN_STYLE = Automatic;
				DEVELOPMENT_TEAM = K9ZKH8PE66;
				INFOPLIST_FILE = KNPhotoBrowerUITests/Info.plist;
				LD_RUNPATH_SEARCH_PATHS = (
					"$(inherited)",
					"@executable_path/Frameworks",
					"@loader_path/Frameworks",
				);
				PRODUCT_BUNDLE_IDENTIFIER = com.LuKane.test.KNPhotoBrowerUITests;
				PRODUCT_NAME = "$(TARGET_NAME)";
				TARGETED_DEVICE_FAMILY = "1,2";
				TEST_TARGET_NAME = KNPhotoBrower;
			};
			name = Debug;
		};
		79CD4E5821EC8AFB00517A34 /* Release */ = {
			isa = XCBuildConfiguration;
			buildSettings = {
				CODE_SIGN_STYLE = Automatic;
				DEVELOPMENT_TEAM = K9ZKH8PE66;
				INFOPLIST_FILE = KNPhotoBrowerUITests/Info.plist;
				LD_RUNPATH_SEARCH_PATHS = (
					"$(inherited)",
					"@executable_path/Frameworks",
					"@loader_path/Frameworks",
				);
				PRODUCT_BUNDLE_IDENTIFIER = com.LuKane.test.KNPhotoBrowerUITests;
				PRODUCT_NAME = "$(TARGET_NAME)";
				TARGETED_DEVICE_FAMILY = "1,2";
				TEST_TARGET_NAME = KNPhotoBrower;
			};
			name = Release;
		};
/* End XCBuildConfiguration section */

/* Begin XCConfigurationList section */
		79CD4E1F21EC8AF800517A34 /* Build configuration list for PBXProject "KNPhotoBrower" */ = {
			isa = XCConfigurationList;
			buildConfigurations = (
				79CD4E4E21EC8AFB00517A34 /* Debug */,
				79CD4E4F21EC8AFB00517A34 /* Release */,
			);
			defaultConfigurationIsVisible = 0;
			defaultConfigurationName = Release;
		};
		79CD4E5021EC8AFB00517A34 /* Build configuration list for PBXNativeTarget "KNPhotoBrower" */ = {
			isa = XCConfigurationList;
			buildConfigurations = (
				79CD4E5121EC8AFB00517A34 /* Debug */,
				79CD4E5221EC8AFB00517A34 /* Release */,
			);
			defaultConfigurationIsVisible = 0;
			defaultConfigurationName = Release;
		};
		79CD4E5321EC8AFB00517A34 /* Build configuration list for PBXNativeTarget "KNPhotoBrowerTests" */ = {
			isa = XCConfigurationList;
			buildConfigurations = (
				79CD4E5421EC8AFB00517A34 /* Debug */,
				79CD4E5521EC8AFB00517A34 /* Release */,
			);
			defaultConfigurationIsVisible = 0;
			defaultConfigurationName = Release;
		};
		79CD4E5621EC8AFB00517A34 /* Build configuration list for PBXNativeTarget "KNPhotoBrowerUITests" */ = {
			isa = XCConfigurationList;
			buildConfigurations = (
				79CD4E5721EC8AFB00517A34 /* Debug */,
				79CD4E5821EC8AFB00517A34 /* Release */,
			);
			defaultConfigurationIsVisible = 0;
			defaultConfigurationName = Release;
		};
/* End XCConfigurationList section */
	};
	rootObject = 79CD4E1C21EC8AF800517A34 /* Project object */;
}
